
Microsoft Visual Studio Solution File, Format Version 12.00
# Visual Studio 14
VisualStudioVersion = 14.0.25420.1
MinimumVisualStudioVersion = 10.0.40219.1
Project("{D954291E-2A0B-460D-934E-DC6B0785DB48}") = "HTML_Stuff", "HTML_Stuff\HTML_Stuff.shproj", "{E9B7F9B0-945E-4C48-A1AC-C2306C40E8A1}"
EndProject
Global
	GlobalSection(SharedMSBuildProjectFiles) = preSolution
		HTML_Stuff\HTML_Stuff.projitems*{e9b7f9b0-945e-4c48-a1ac-c2306c40e8a1}*SharedItemsImports = 13
	EndGlobalSection
	GlobalSection(SolutionProperties) = preSolution
		HideSolutionNode = FALSE
	EndGlobalSection
EndGlobal
